
Microsoft Visual Studio Solution File, Format Version 12.00
# Visual Studio Version 16
VisualStudioVersion = 16.0.30114.105
MinimumVisualStudioVersion = 10.0.40219.1
Project("{2150E333-8FDC-42A3-9474-1A3956D46DE8}") = "fable", "fable", "{EE9DE5E1-B4DD-49CB-BAFB-B77F8A874E18}"
EndProject
Project("{F2A71F9B-5D33-465A-A702-920D77279786}") = "Feliz.Tippy", "fable\Feliz.Tippy\Feliz.Tippy.fsproj", "{81CF3E23-677B-4F2A-BA44-2C6DD74A136E}"
EndProject
Project("{2150E333-8FDC-42A3-9474-1A3956D46DE8}") = "demo", "demo", "{94D21226-2FF1-4667-A8F3-9DA8EB4CEE9F}"
EndProject
Project("{F2A71F9B-5D33-465A-A702-920D77279786}") = "App", "demo\src\App.fsproj", "{333805E8-6651-42F6-B564-92D6FAE666FF}"
EndProject
Global
	GlobalSection(SolutionConfigurationPlatforms) = preSolution
		Debug|Any CPU = Debug|Any CPU
		Debug|x64 = Debug|x64
		Debug|x86 = Debug|x86
		Release|Any CPU = Release|Any CPU
		Release|x64 = Release|x64
		Release|x86 = Release|x86
	EndGlobalSection
	GlobalSection(SolutionProperties) = preSolution
		HideSolutionNode = FALSE
	EndGlobalSection
	GlobalSection(ProjectConfigurationPlatforms) = postSolution
		{81CF3E23-677B-4F2A-BA44-2C6DD74A136E}.Debug|Any CPU.ActiveCfg = Debug|Any CPU
		{81CF3E23-677B-4F2A-BA44-2C6DD74A136E}.Debug|Any CPU.Build.0 = Debug|Any CPU
		{81CF3E23-677B-4F2A-BA44-2C6DD74A136E}.Debug|x64.ActiveCfg = Debug|Any CPU
		{81CF3E23-677B-4F2A-BA44-2C6DD74A136E}.Debug|x64.Build.0 = Debug|Any CPU
		{81CF3E23-677B-4F2A-BA44-2C6DD74A136E}.Debug|x86.ActiveCfg = Debug|Any CPU
		{81CF3E23-677B-4F2A-BA44-2C6DD74A136E}.Debug|x86.Build.0 = Debug|Any CPU
		{81CF3E23-677B-4F2A-BA44-2C6DD74A136E}.Release|Any CPU.ActiveCfg = Release|Any CPU
		{81CF3E23-677B-4F2A-BA44-2C6DD74A136E}.Release|Any CPU.Build.0 = Release|Any CPU
		{81CF3E23-677B-4F2A-BA44-2C6DD74A136E}.Release|x64.ActiveCfg = Release|Any CPU
		{81CF3E23-677B-4F2A-BA44-2C6DD74A136E}.Release|x64.Build.0 = Release|Any CPU
		{81CF3E23-677B-4F2A-BA44-2C6DD74A136E}.Release|x86.ActiveCfg = Release|Any CPU
		{81CF3E23-677B-4F2A-BA44-2C6DD74A136E}.Release|x86.Build.0 = Release|Any CPU
		{333805E8-6651-42F6-B564-92D6FAE666FF}.Debug|Any CPU.ActiveCfg = Debug|Any CPU
		{333805E8-6651-42F6-B564-92D6FAE666FF}.Debug|Any CPU.Build.0 = Debug|Any CPU
		{333805E8-6651-42F6-B564-92D6FAE666FF}.Debug|x64.ActiveCfg = Debug|Any CPU
		{333805E8-6651-42F6-B564-92D6FAE666FF}.Debug|x64.Build.0 = Debug|Any CPU
		{333805E8-6651-42F6-B564-92D6FAE666FF}.Debug|x86.ActiveCfg = Debug|Any CPU
		{333805E8-6651-42F6-B564-92D6FAE666FF}.Debug|x86.Build.0 = Debug|Any CPU
		{333805E8-6651-42F6-B564-92D6FAE666FF}.Release|Any CPU.ActiveCfg = Release|Any CPU
		{333805E8-6651-42F6-B564-92D6FAE666FF}.Release|Any CPU.Build.0 = Release|Any CPU
		{333805E8-6651-42F6-B564-92D6FAE666FF}.Release|x64.ActiveCfg = Release|Any CPU
		{333805E8-6651-42F6-B564-92D6FAE666FF}.Release|x64.Build.0 = Release|Any CPU
		{333805E8-6651-42F6-B564-92D6FAE666FF}.Release|x86.ActiveCfg = Release|Any CPU
		{333805E8-6651-42F6-B564-92D6FAE666FF}.Release|x86.Build.0 = Release|Any CPU
	EndGlobalSection
	GlobalSection(NestedProjects) = preSolution
		{81CF3E23-677B-4F2A-BA44-2C6DD74A136E} = {EE9DE5E1-B4DD-49CB-BAFB-B77F8A874E18}
		{333805E8-6651-42F6-B564-92D6FAE666FF} = {94D21226-2FF1-4667-A8F3-9DA8EB4CEE9F}
	EndGlobalSection
EndGlobal
